# This file is automatically @generated by Cargo.
# It is not intended for manual editing.
version = 3

[[package]]
name = "researchuv-api"
version = "0.1.0"
dependencies = [
 "researchuv-core",
]

[[package]]
name = "researchuv-cli"
version = "0.1.0"
dependencies = [
 "researchuv-api",
 "researchuv-core",
 "researchuv-math",
 "researchuv-pack",
 "researchuv-unwrap",
]

[[package]]
name = "researchuv-core"
version = "0.1.0"
dependencies = [
 "researchuv-math",
]

[[package]]
name = "researchuv-editor"
version = "0.1.0"
dependencies = [
 "researchuv-api",
 "researchuv-core",
 "researchuv-link",
]

[[package]]
name = "researchuv-gpu"
version = "0.1.0"

[[package]]
name = "researchuv-link"
version = "0.1.0"
dependencies = [
 "researchuv-api",
 "researchuv-core",
 "researchuv-math",
 "researchuv-unwrap",
]

[[package]]
name = "researchuv-math"
version = "0.1.0"

[[package]]
name = "researchuv-pack"
version = "0.1.0"
dependencies = [
 "researchuv-gpu",
 "researchuv-math",
]

[[package]]
name = "researchuv-unwrap"
version = "0.1.0"
dependencies = [
 "researchuv-core",
 "researchuv-gpu",
 "researchuv-math",
 "researchuv-pack",
]
